
Microsoft Visual Studio Solution File, Format Version 12.00
# Visual Studio Version 16
VisualStudioVersion = 16.0.28803.156
MinimumVisualStudioVersion = 10.0.40219.1
Project("{2150E333-8FDC-42A3-9474-1A3956D46DE8}") = "function-katas", "function-katas", "{A6B4F3FA-686E-44FC-B765-E35A7010999D}"
EndProject
Project("{2150E333-8FDC-42A3-9474-1A3956D46DE8}") = "class-katas", "class-katas", "{525128B4-8571-44CE-B544-E100D833BC96}"
EndProject
Project("{2150E333-8FDC-42A3-9474-1A3956D46DE8}") = "library-katas", "library-katas", "{C164003E-7726-498D-B9D7-43152CED975B}"
EndProject
Project("{2150E333-8FDC-42A3-9474-1A3956D46DE8}") = "application-katas", "application-katas", "{77CDB5D1-77AF-4193-B54F-E0A9EC0CF8DF}"
EndProject
Project("{2150E333-8FDC-42A3-9474-1A3956D46DE8}") = "architecture-katas", "architecture-katas", "{561B63E7-5068-4355-A429-7D2417007E9A}"
EndProject
Project("{2150E333-8FDC-42A3-9474-1A3956D46DE8}") = "refactoring-katas", "refactoring-katas", "{B81C9495-A5BB-454D-B820-8996C99BB6DC}"
EndProject
Project("{2150E333-8FDC-42A3-9474-1A3956D46DE8}") = "agility-katas", "agility-katas", "{3C430E20-EAAC-4867-8483-9ED3E439EF7E}"
EndProject
Project("{2150E333-8FDC-42A3-9474-1A3956D46DE8}") = "tests", "tests", "{D06B579B-4270-40D4-AE72-481828C5C9DC}"
EndProject
Project("{FAE04EC0-301F-11D3-BF4B-00C04F79EFBC}") = "fromromannumerals.tests", "function-katas\tests\fromromannumerals.tests\fromromannumerals.tests.csproj", "{04F1F976-3A5A-42C0-8B48-FEAA66138BB4}"
EndProject
Project("{FAE04EC0-301F-11D3-BF4B-00C04F79EFBC}") = "fromromannumerals", "function-katas\fromromannumerals\fromromannumerals.csproj", "{D6851572-558A-483B-90F6-8DA9AF03408B}"
EndProject
Project("{FAE04EC0-301F-11D3-BF4B-00C04F79EFBC}") = "fizzbuzz.tests", "function-katas\tests\fizzbuzz.tests\fizzbuzz.tests.csproj", "{965020F0-3479-43AB-8EA7-79558A2CB2E1}"
EndProject
Project("{FAE04EC0-301F-11D3-BF4B-00C04F79EFBC}") = "fizzbuzz", "function-katas\fizzbuzz\fizzbuzz.csproj", "{AD5A1129-A66A-4F0E-9AAA-F814C6BED942}"
EndProject
Project("{2150E333-8FDC-42A3-9474-1A3956D46DE8}") = "ccd_fizzbuzz", "ccd_fizzbuzz", "{33F4B0B6-6D91-45DC-8B2D-B1FD11DE7DCA}"
EndProject
Project("{FAE04EC0-301F-11D3-BF4B-00C04F79EFBC}") = "todictionary", "function-katas\todictionary\todictionary.csproj", "{8BEDB266-9DCA-4BE6-B3C3-152095E71D69}"
EndProject
Project("{FAE04EC0-301F-11D3-BF4B-00C04F79EFBC}") = "todictionary.tests", "todictionary.tests\todictionary.tests.csproj", "{88DAF0AA-BB2D-4F90-8208-211BF124E7DE}"
EndProject
Project("{9A19103F-16F7-4668-BE54-9A1E7A4F7556}") = "FizzBuzz", "function-katas\ccd_fizzbuzz\FizzBuzz.csproj", "{50F61303-1A38-4AF2-A673-22FF4FB73B33}"
EndProject
Project("{2150E333-8FDC-42A3-9474-1A3956D46DE8}") = "extension_fizzbuzz", "extension_fizzbuzz", "{8A590ED2-2A8C-42BB-93E3-EE28813EEA2B}"
EndProject
Project("{FAE04EC0-301F-11D3-BF4B-00C04F79EFBC}") = "fizzbuzz", "fizzbuzz\fizzbuzz.csproj", "{EC4BAE8F-750B-4E20-A824-47B6507C9BFF}"
EndProject
Project("{9A19103F-16F7-4668-BE54-9A1E7A4F7556}") = "extension_fizzbuzz.tests", "extension_fizzbuzz.tests\extension_fizzbuzz.tests.csproj", "{F149FEF1-AF31-46CB-B551-C4E2AD96BFBA}"
EndProject
Project("{2150E333-8FDC-42A3-9474-1A3956D46DE8}") = "file_io_fromromannumerals", "file_io_fromromannumerals", "{772A7E15-82AC-4FDE-8D9D-0220F4914488}"
EndProject
Project("{9A19103F-16F7-4668-BE54-9A1E7A4F7556}") = "contracts", "library-katas\file_io_fromromannumerals\contracts\contracts.csproj", "{729256E6-C9A8-489E-9153-8DAC7A350706}"
EndProject
Project("{9A19103F-16F7-4668-BE54-9A1E7A4F7556}") = "core", "library-katas\file_io_fromromannumerals\core\core\core.csproj", "{A2ED7907-2CC9-407F-AFBE-66DB7CE293A5}"
EndProject
Project("{2150E333-8FDC-42A3-9474-1A3956D46DE8}") = "tests", "tests", "{0B9E8B92-D03F-421D-9A50-F9D9872FC2EE}"
EndProject
Project("{9A19103F-16F7-4668-BE54-9A1E7A4F7556}") = "file_io_fromromannumerals.tests", "library-katas\tests\file_io_fromromannumerals.tests\file_io_fromromannumerals.tests.csproj", "{62694586-4BA9-4715-8E30-D6F336BB77C9}"
EndProject
Project("{2150E333-8FDC-42A3-9474-1A3956D46DE8}") = "adapters", "adapters", "{EBDB7026-A7D9-422D-878E-819F752D7499}"
EndProject
Project("{FAE04EC0-301F-11D3-BF4B-00C04F79EFBC}") = "persistence", "library-katas\file_io_fromromannumerals\adapters\persistence\persistence.csproj", "{9148D325-CF1F-4D72-9C1F-1B44572B35A5}"
EndProject
Project("{FAE04EC0-301F-11D3-BF4B-00C04F79EFBC}") = "ui", "library-katas\file_io_fromromannumerals\adapters\ui\ui.csproj", "{5DAF226F-E35B-49A4-AD0C-CD71929FD62B}"
EndProject
Global
	GlobalSection(SolutionConfigurationPlatforms) = preSolution
		Debug|Any CPU = Debug|Any CPU
		Release|Any CPU = Release|Any CPU
	EndGlobalSection
	GlobalSection(ProjectConfigurationPlatforms) = postSolution
		{04F1F976-3A5A-42C0-8B48-FEAA66138BB4}.Debug|Any CPU.ActiveCfg = Debug|Any CPU
		{04F1F976-3A5A-42C0-8B48-FEAA66138BB4}.Debug|Any CPU.Build.0 = Debug|Any CPU
		{04F1F976-3A5A-42C0-8B48-FEAA66138BB4}.Release|Any CPU.ActiveCfg = Release|Any CPU
		{04F1F976-3A5A-42C0-8B48-FEAA66138BB4}.Release|Any CPU.Build.0 = Release|Any CPU
		{D6851572-558A-483B-90F6-8DA9AF03408B}.Debug|Any CPU.ActiveCfg = Debug|Any CPU
		{D6851572-558A-483B-90F6-8DA9AF03408B}.Debug|Any CPU.Build.0 = Debug|Any CPU
		{D6851572-558A-483B-90F6-8DA9AF03408B}.Release|Any CPU.ActiveCfg = Release|Any CPU
		{D6851572-558A-483B-90F6-8DA9AF03408B}.Release|Any CPU.Build.0 = Release|Any CPU
		{965020F0-3479-43AB-8EA7-79558A2CB2E1}.Debug|Any CPU.ActiveCfg = Debug|Any CPU
		{965020F0-3479-43AB-8EA7-79558A2CB2E1}.Debug|Any CPU.Build.0 = Debug|Any CPU
		{965020F0-3479-43AB-8EA7-79558A2CB2E1}.Release|Any CPU.ActiveCfg = Release|Any CPU
		{965020F0-3479-43AB-8EA7-79558A2CB2E1}.Release|Any CPU.Build.0 = Release|Any CPU
		{AD5A1129-A66A-4F0E-9AAA-F814C6BED942}.Debug|Any CPU.ActiveCfg = Debug|Any CPU
		{AD5A1129-A66A-4F0E-9AAA-F814C6BED942}.Debug|Any CPU.Build.0 = Debug|Any CPU
		{AD5A1129-A66A-4F0E-9AAA-F814C6BED942}.Release|Any CPU.ActiveCfg = Release|Any CPU
		{AD5A1129-A66A-4F0E-9AAA-F814C6BED942}.Release|Any CPU.Build.0 = Release|Any CPU
		{8BEDB266-9DCA-4BE6-B3C3-152095E71D69}.Debug|Any CPU.ActiveCfg = Debug|Any CPU
		{8BEDB266-9DCA-4BE6-B3C3-152095E71D69}.Debug|Any CPU.Build.0 = Debug|Any CPU
		{8BEDB266-9DCA-4BE6-B3C3-152095E71D69}.Release|Any CPU.ActiveCfg = Release|Any CPU
		{8BEDB266-9DCA-4BE6-B3C3-152095E71D69}.Release|Any CPU.Build.0 = Release|Any CPU
		{88DAF0AA-BB2D-4F90-8208-211BF124E7DE}.Debug|Any CPU.ActiveCfg = Debug|Any CPU
		{88DAF0AA-BB2D-4F90-8208-211BF124E7DE}.Debug|Any CPU.Build.0 = Debug|Any CPU
		{88DAF0AA-BB2D-4F90-8208-211BF124E7DE}.Release|Any CPU.ActiveCfg = Release|Any CPU
		{88DAF0AA-BB2D-4F90-8208-211BF124E7DE}.Release|Any CPU.Build.0 = Release|Any CPU
		{50F61303-1A38-4AF2-A673-22FF4FB73B33}.Debug|Any CPU.ActiveCfg = Debug|Any CPU
		{50F61303-1A38-4AF2-A673-22FF4FB73B33}.Debug|Any CPU.Build.0 = Debug|Any CPU
		{50F61303-1A38-4AF2-A673-22FF4FB73B33}.Release|Any CPU.ActiveCfg = Release|Any CPU
		{50F61303-1A38-4AF2-A673-22FF4FB73B33}.Release|Any CPU.Build.0 = Release|Any CPU
		{EC4BAE8F-750B-4E20-A824-47B6507C9BFF}.Debug|Any CPU.ActiveCfg = Debug|Any CPU
		{EC4BAE8F-750B-4E20-A824-47B6507C9BFF}.Debug|Any CPU.Build.0 = Debug|Any CPU
		{EC4BAE8F-750B-4E20-A824-47B6507C9BFF}.Release|Any CPU.ActiveCfg = Release|Any CPU
		{EC4BAE8F-750B-4E20-A824-47B6507C9BFF}.Release|Any CPU.Build.0 = Release|Any CPU
		{F149FEF1-AF31-46CB-B551-C4E2AD96BFBA}.Debug|Any CPU.ActiveCfg = Debug|Any CPU
		{F149FEF1-AF31-46CB-B551-C4E2AD96BFBA}.Debug|Any CPU.Build.0 = Debug|Any CPU
		{F149FEF1-AF31-46CB-B551-C4E2AD96BFBA}.Release|Any CPU.ActiveCfg = Release|Any CPU
		{F149FEF1-AF31-46CB-B551-C4E2AD96BFBA}.Release|Any CPU.Build.0 = Release|Any CPU
		{729256E6-C9A8-489E-9153-8DAC7A350706}.Debug|Any CPU.ActiveCfg = Debug|Any CPU
		{729256E6-C9A8-489E-9153-8DAC7A350706}.Debug|Any CPU.Build.0 = Debug|Any CPU
		{729256E6-C9A8-489E-9153-8DAC7A350706}.Release|Any CPU.ActiveCfg = Release|Any CPU
		{729256E6-C9A8-489E-9153-8DAC7A350706}.Release|Any CPU.Build.0 = Release|Any CPU
		{A2ED7907-2CC9-407F-AFBE-66DB7CE293A5}.Debug|Any CPU.ActiveCfg = Debug|Any CPU
		{A2ED7907-2CC9-407F-AFBE-66DB7CE293A5}.Debug|Any CPU.Build.0 = Debug|Any CPU
		{A2ED7907-2CC9-407F-AFBE-66DB7CE293A5}.Release|Any CPU.ActiveCfg = Release|Any CPU
		{A2ED7907-2CC9-407F-AFBE-66DB7CE293A5}.Release|Any CPU.Build.0 = Release|Any CPU
		{62694586-4BA9-4715-8E30-D6F336BB77C9}.Debug|Any CPU.ActiveCfg = Debug|Any CPU
		{62694586-4BA9-4715-8E30-D6F336BB77C9}.Debug|Any CPU.Build.0 = Debug|Any CPU
		{62694586-4BA9-4715-8E30-D6F336BB77C9}.Release|Any CPU.ActiveCfg = Release|Any CPU
		{62694586-4BA9-4715-8E30-D6F336BB77C9}.Release|Any CPU.Build.0 = Release|Any CPU
		{9148D325-CF1F-4D72-9C1F-1B44572B35A5}.Debug|Any CPU.ActiveCfg = Debug|Any CPU
		{9148D325-CF1F-4D72-9C1F-1B44572B35A5}.Debug|Any CPU.Build.0 = Debug|Any CPU
		{9148D325-CF1F-4D72-9C1F-1B44572B35A5}.Release|Any CPU.ActiveCfg = Release|Any CPU
		{9148D325-CF1F-4D72-9C1F-1B44572B35A5}.Release|Any CPU.Build.0 = Release|Any CPU
		{5DAF226F-E35B-49A4-AD0C-CD71929FD62B}.Debug|Any CPU.ActiveCfg = Debug|Any CPU
		{5DAF226F-E35B-49A4-AD0C-CD71929FD62B}.Debug|Any CPU.Build.0 = Debug|Any CPU
		{5DAF226F-E35B-49A4-AD0C-CD71929FD62B}.Release|Any CPU.ActiveCfg = Release|Any CPU
		{5DAF226F-E35B-49A4-AD0C-CD71929FD62B}.Release|Any CPU.Build.0 = Release|Any CPU
	EndGlobalSection
	GlobalSection(SolutionProperties) = preSolution
		HideSolutionNode = FALSE
	EndGlobalSection
	GlobalSection(NestedProjects) = preSolution
		{D06B579B-4270-40D4-AE72-481828C5C9DC} = {A6B4F3FA-686E-44FC-B765-E35A7010999D}
		{04F1F976-3A5A-42C0-8B48-FEAA66138BB4} = {D06B579B-4270-40D4-AE72-481828C5C9DC}
		{D6851572-558A-483B-90F6-8DA9AF03408B} = {A6B4F3FA-686E-44FC-B765-E35A7010999D}
		{965020F0-3479-43AB-8EA7-79558A2CB2E1} = {D06B579B-4270-40D4-AE72-481828C5C9DC}
		{AD5A1129-A66A-4F0E-9AAA-F814C6BED942} = {A6B4F3FA-686E-44FC-B765-E35A7010999D}
		{33F4B0B6-6D91-45DC-8B2D-B1FD11DE7DCA} = {A6B4F3FA-686E-44FC-B765-E35A7010999D}
		{8BEDB266-9DCA-4BE6-B3C3-152095E71D69} = {A6B4F3FA-686E-44FC-B765-E35A7010999D}
		{88DAF0AA-BB2D-4F90-8208-211BF124E7DE} = {D06B579B-4270-40D4-AE72-481828C5C9DC}
		{50F61303-1A38-4AF2-A673-22FF4FB73B33} = {33F4B0B6-6D91-45DC-8B2D-B1FD11DE7DCA}
		{8A590ED2-2A8C-42BB-93E3-EE28813EEA2B} = {A6B4F3FA-686E-44FC-B765-E35A7010999D}
		{EC4BAE8F-750B-4E20-A824-47B6507C9BFF} = {8A590ED2-2A8C-42BB-93E3-EE28813EEA2B}
		{F149FEF1-AF31-46CB-B551-C4E2AD96BFBA} = {D06B579B-4270-40D4-AE72-481828C5C9DC}
		{772A7E15-82AC-4FDE-8D9D-0220F4914488} = {C164003E-7726-498D-B9D7-43152CED975B}
		{729256E6-C9A8-489E-9153-8DAC7A350706} = {772A7E15-82AC-4FDE-8D9D-0220F4914488}
		{A2ED7907-2CC9-407F-AFBE-66DB7CE293A5} = {772A7E15-82AC-4FDE-8D9D-0220F4914488}
		{0B9E8B92-D03F-421D-9A50-F9D9872FC2EE} = {C164003E-7726-498D-B9D7-43152CED975B}
		{62694586-4BA9-4715-8E30-D6F336BB77C9} = {0B9E8B92-D03F-421D-9A50-F9D9872FC2EE}
		{EBDB7026-A7D9-422D-878E-819F752D7499} = {772A7E15-82AC-4FDE-8D9D-0220F4914488}
		{9148D325-CF1F-4D72-9C1F-1B44572B35A5} = {EBDB7026-A7D9-422D-878E-819F752D7499}
		{5DAF226F-E35B-49A4-AD0C-CD71929FD62B} = {EBDB7026-A7D9-422D-878E-819F752D7499}
	EndGlobalSection
	GlobalSection(ExtensibilityGlobals) = postSolution
		SolutionGuid = {67C6EEA4-00F5-49D9-B1C1-68D845BC7AFD}
	EndGlobalSection
EndGlobal
