
Microsoft Visual Studio Solution File, Format Version 12.00
# Visual Studio Version 16
VisualStudioVersion = 16.0.28803.156
MinimumVisualStudioVersion = 10.0.40219.1
Project("{2150E333-8FDC-42A3-9474-1A3956D46DE8}") = "function-katas", "function-katas", "{A6B4F3FA-686E-44FC-B765-E35A7010999D}"
EndProject
Project("{2150E333-8FDC-42A3-9474-1A3956D46DE8}") = "class-katas", "class-katas", "{525128B4-8571-44CE-B544-E100D833BC96}"
EndProject
Project("{2150E333-8FDC-42A3-9474-1A3956D46DE8}") = "library-katas", "library-katas", "{C164003E-7726-498D-B9D7-43152CED975B}"
EndProject
Project("{2150E333-8FDC-42A3-9474-1A3956D46DE8}") = "application-katas", "application-katas", "{77CDB5D1-77AF-4193-B54F-E0A9EC0CF8DF}"
EndProject
Project("{2150E333-8FDC-42A3-9474-1A3956D46DE8}") = "architecture-katas", "architecture-katas", "{561B63E7-5068-4355-A429-7D2417007E9A}"
EndProject
Project("{2150E333-8FDC-42A3-9474-1A3956D46DE8}") = "refactoring-katas", "refactoring-katas", "{B81C9495-A5BB-454D-B820-8996C99BB6DC}"
EndProject
Project("{2150E333-8FDC-42A3-9474-1A3956D46DE8}") = "agility-katas", "agility-katas", "{3C430E20-EAAC-4867-8483-9ED3E439EF7E}"
EndProject
Project("{2150E333-8FDC-42A3-9474-1A3956D46DE8}") = "tests", "tests", "{D06B579B-4270-40D4-AE72-481828C5C9DC}"
EndProject
Project("{FAE04EC0-301F-11D3-BF4B-00C04F79EFBC}") = "fromromannumerals.tests", "function-katas\tests\fromromannumerals.tests\fromromannumerals.tests.csproj", "{04F1F976-3A5A-42C0-8B48-FEAA66138BB4}"
EndProject
Project("{FAE04EC0-301F-11D3-BF4B-00C04F79EFBC}") = "fromromannumerals", "function-katas\fromromannumerals\fromromannumerals.csproj", "{D6851572-558A-483B-90F6-8DA9AF03408B}"
EndProject
Project("{FAE04EC0-301F-11D3-BF4B-00C04F79EFBC}") = "fizzbuzz.tests", "function-katas\tests\fizzbuzz.tests\fizzbuzz.tests.csproj", "{965020F0-3479-43AB-8EA7-79558A2CB2E1}"
EndProject
Project("{FAE04EC0-301F-11D3-BF4B-00C04F79EFBC}") = "fizzbuzz", "function-katas\fizzbuzz\fizzbuzz.csproj", "{AD5A1129-A66A-4F0E-9AAA-F814C6BED942}"
EndProject
Project("{2150E333-8FDC-42A3-9474-1A3956D46DE8}") = "ccd_fizzbuzz", "ccd_fizzbuzz", "{33F4B0B6-6D91-45DC-8B2D-B1FD11DE7DCA}"
EndProject
Project("{FAE04EC0-301F-11D3-BF4B-00C04F79EFBC}") = "todictionary", "function-katas\todictionary\todictionary.csproj", "{8BEDB266-9DCA-4BE6-B3C3-152095E71D69}"
EndProject
Project("{FAE04EC0-301F-11D3-BF4B-00C04F79EFBC}") = "todictionary.tests", "todictionary.tests\todictionary.tests.csproj", "{88DAF0AA-BB2D-4F90-8208-211BF124E7DE}"
EndProject
Project("{9A19103F-16F7-4668-BE54-9A1E7A4F7556}") = "FizzBuzz", "function-katas\ccd_fizzbuzz\FizzBuzz.csproj", "{50F61303-1A38-4AF2-A673-22FF4FB73B33}"
EndProject
Project("{2150E333-8FDC-42A3-9474-1A3956D46DE8}") = "extension_fizzbuzz", "extension_fizzbuzz", "{8A590ED2-2A8C-42BB-93E3-EE28813EEA2B}"
EndProject
Project("{FAE04EC0-301F-11D3-BF4B-00C04F79EFBC}") = "fizzbuzz", "fizzbuzz\fizzbuzz.csproj", "{EC4BAE8F-750B-4E20-A824-47B6507C9BFF}"
EndProject
Project("{9A19103F-16F7-4668-BE54-9A1E7A4F7556}") = "extension_fizzbuzz.tests", "extension_fizzbuzz.tests\extension_fizzbuzz.tests.csproj", "{F149FEF1-AF31-46CB-B551-C4E2AD96BFBA}"
EndProject
Project("{2150E333-8FDC-42A3-9474-1A3956D46DE8}") = "fromromannumerals_io", "fromromannumerals_io", "{266C0DD6-427D-4459-8968-9056EEDBD9A4}"
EndProject
Project("{2150E333-8FDC-42A3-9474-1A3956D46DE8}") = "tests", "tests", "{A844E5DA-8867-4F91-A179-DAFB5B506389}"
EndProject
Project("{9A19103F-16F7-4668-BE54-9A1E7A4F7556}") = "core", "library-katas\fromromannumerals_io\core\core.csproj", "{8B2CFD46-4957-46CD-A059-9BF174682DD0}"
EndProject
Project("{9A19103F-16F7-4668-BE54-9A1E7A4F7556}") = "contracts", "library-katas\fromromannumerals_io\contracts\contracts.csproj", "{CFF39F08-1724-4C2C-A1F4-B96544D3A18F}"
EndProject
Project("{2150E333-8FDC-42A3-9474-1A3956D46DE8}") = "files", "files", "{39C10E4F-19C1-48FD-83E1-579691893695}"
EndProject
Project("{9A19103F-16F7-4668-BE54-9A1E7A4F7556}") = "fromromannumerals_io.Tests", "library-katas\fromromannumerals_io\tests\fromromannumerals_io.Tests\fromromannumerals_io.Tests.csproj", "{6A698459-4191-47BD-915F-03B5BFEB3BA9}"
EndProject
Project("{2150E333-8FDC-42A3-9474-1A3956D46DE8}") = "adapters", "adapters", "{7A11525B-4500-434B-828A-1BFFF2F3B599}"
EndProject
Project("{9A19103F-16F7-4668-BE54-9A1E7A4F7556}") = "persistence", "library-katas\fromromannumerals_io\adapters\persistence\persistence.csproj", "{29841A71-F115-4B6D-8375-182391613344}"
EndProject
Project("{9A19103F-16F7-4668-BE54-9A1E7A4F7556}") = "cli", "library-katas\fromromannumerals_io\adapters\cli\cli.csproj", "{756202F4-665A-41EA-A3A8-04088174A369}"
EndProject
Project("{9A19103F-16F7-4668-BE54-9A1E7A4F7556}") = "ui", "library-katas\fromromannumerals_io\adapters\ui\ui.csproj", "{4DD57500-D7B1-4784-8D46-F0EC79A4FF2B}"
EndProject
Project("{FAE04EC0-301F-11D3-BF4B-00C04F79EFBC}") = "integration", "library-katas\fromromannumerals_io\integration\integration.csproj", "{319D30B2-2272-49DA-8763-FA97BEBBA521}"
EndProject
Global
	GlobalSection(SolutionConfigurationPlatforms) = preSolution
		Debug|Any CPU = Debug|Any CPU
		Release|Any CPU = Release|Any CPU
	EndGlobalSection
	GlobalSection(ProjectConfigurationPlatforms) = postSolution
		{04F1F976-3A5A-42C0-8B48-FEAA66138BB4}.Debug|Any CPU.ActiveCfg = Debug|Any CPU
		{04F1F976-3A5A-42C0-8B48-FEAA66138BB4}.Debug|Any CPU.Build.0 = Debug|Any CPU
		{04F1F976-3A5A-42C0-8B48-FEAA66138BB4}.Release|Any CPU.ActiveCfg = Release|Any CPU
		{04F1F976-3A5A-42C0-8B48-FEAA66138BB4}.Release|Any CPU.Build.0 = Release|Any CPU
		{D6851572-558A-483B-90F6-8DA9AF03408B}.Debug|Any CPU.ActiveCfg = Debug|Any CPU
		{D6851572-558A-483B-90F6-8DA9AF03408B}.Debug|Any CPU.Build.0 = Debug|Any CPU
		{D6851572-558A-483B-90F6-8DA9AF03408B}.Release|Any CPU.ActiveCfg = Release|Any CPU
		{D6851572-558A-483B-90F6-8DA9AF03408B}.Release|Any CPU.Build.0 = Release|Any CPU
		{965020F0-3479-43AB-8EA7-79558A2CB2E1}.Debug|Any CPU.ActiveCfg = Debug|Any CPU
		{965020F0-3479-43AB-8EA7-79558A2CB2E1}.Debug|Any CPU.Build.0 = Debug|Any CPU
		{965020F0-3479-43AB-8EA7-79558A2CB2E1}.Release|Any CPU.ActiveCfg = Release|Any CPU
		{965020F0-3479-43AB-8EA7-79558A2CB2E1}.Release|Any CPU.Build.0 = Release|Any CPU
		{AD5A1129-A66A-4F0E-9AAA-F814C6BED942}.Debug|Any CPU.ActiveCfg = Debug|Any CPU
		{AD5A1129-A66A-4F0E-9AAA-F814C6BED942}.Debug|Any CPU.Build.0 = Debug|Any CPU
		{AD5A1129-A66A-4F0E-9AAA-F814C6BED942}.Release|Any CPU.ActiveCfg = Release|Any CPU
		{AD5A1129-A66A-4F0E-9AAA-F814C6BED942}.Release|Any CPU.Build.0 = Release|Any CPU
		{8BEDB266-9DCA-4BE6-B3C3-152095E71D69}.Debug|Any CPU.ActiveCfg = Debug|Any CPU
		{8BEDB266-9DCA-4BE6-B3C3-152095E71D69}.Debug|Any CPU.Build.0 = Debug|Any CPU
		{8BEDB266-9DCA-4BE6-B3C3-152095E71D69}.Release|Any CPU.ActiveCfg = Release|Any CPU
		{8BEDB266-9DCA-4BE6-B3C3-152095E71D69}.Release|Any CPU.Build.0 = Release|Any CPU
		{88DAF0AA-BB2D-4F90-8208-211BF124E7DE}.Debug|Any CPU.ActiveCfg = Debug|Any CPU
		{88DAF0AA-BB2D-4F90-8208-211BF124E7DE}.Debug|Any CPU.Build.0 = Debug|Any CPU
		{88DAF0AA-BB2D-4F90-8208-211BF124E7DE}.Release|Any CPU.ActiveCfg = Release|Any CPU
		{88DAF0AA-BB2D-4F90-8208-211BF124E7DE}.Release|Any CPU.Build.0 = Release|Any CPU
		{50F61303-1A38-4AF2-A673-22FF4FB73B33}.Debug|Any CPU.ActiveCfg = Debug|Any CPU
		{50F61303-1A38-4AF2-A673-22FF4FB73B33}.Debug|Any CPU.Build.0 = Debug|Any CPU
		{50F61303-1A38-4AF2-A673-22FF4FB73B33}.Release|Any CPU.ActiveCfg = Release|Any CPU
		{50F61303-1A38-4AF2-A673-22FF4FB73B33}.Release|Any CPU.Build.0 = Release|Any CPU
		{EC4BAE8F-750B-4E20-A824-47B6507C9BFF}.Debug|Any CPU.ActiveCfg = Debug|Any CPU
		{EC4BAE8F-750B-4E20-A824-47B6507C9BFF}.Debug|Any CPU.Build.0 = Debug|Any CPU
		{EC4BAE8F-750B-4E20-A824-47B6507C9BFF}.Release|Any CPU.ActiveCfg = Release|Any CPU
		{EC4BAE8F-750B-4E20-A824-47B6507C9BFF}.Release|Any CPU.Build.0 = Release|Any CPU
		{F149FEF1-AF31-46CB-B551-C4E2AD96BFBA}.Debug|Any CPU.ActiveCfg = Debug|Any CPU
		{F149FEF1-AF31-46CB-B551-C4E2AD96BFBA}.Debug|Any CPU.Build.0 = Debug|Any CPU
		{F149FEF1-AF31-46CB-B551-C4E2AD96BFBA}.Release|Any CPU.ActiveCfg = Release|Any CPU
		{F149FEF1-AF31-46CB-B551-C4E2AD96BFBA}.Release|Any CPU.Build.0 = Release|Any CPU
		{8B2CFD46-4957-46CD-A059-9BF174682DD0}.Debug|Any CPU.ActiveCfg = Debug|Any CPU
		{8B2CFD46-4957-46CD-A059-9BF174682DD0}.Debug|Any CPU.Build.0 = Debug|Any CPU
		{8B2CFD46-4957-46CD-A059-9BF174682DD0}.Release|Any CPU.ActiveCfg = Release|Any CPU
		{8B2CFD46-4957-46CD-A059-9BF174682DD0}.Release|Any CPU.Build.0 = Release|Any CPU
		{CFF39F08-1724-4C2C-A1F4-B96544D3A18F}.Debug|Any CPU.ActiveCfg = Debug|Any CPU
		{CFF39F08-1724-4C2C-A1F4-B96544D3A18F}.Debug|Any CPU.Build.0 = Debug|Any CPU
		{CFF39F08-1724-4C2C-A1F4-B96544D3A18F}.Release|Any CPU.ActiveCfg = Release|Any CPU
		{CFF39F08-1724-4C2C-A1F4-B96544D3A18F}.Release|Any CPU.Build.0 = Release|Any CPU
		{6A698459-4191-47BD-915F-03B5BFEB3BA9}.Debug|Any CPU.ActiveCfg = Debug|Any CPU
		{6A698459-4191-47BD-915F-03B5BFEB3BA9}.Debug|Any CPU.Build.0 = Debug|Any CPU
		{6A698459-4191-47BD-915F-03B5BFEB3BA9}.Release|Any CPU.ActiveCfg = Release|Any CPU
		{6A698459-4191-47BD-915F-03B5BFEB3BA9}.Release|Any CPU.Build.0 = Release|Any CPU
		{29841A71-F115-4B6D-8375-182391613344}.Debug|Any CPU.ActiveCfg = Debug|Any CPU
		{29841A71-F115-4B6D-8375-182391613344}.Debug|Any CPU.Build.0 = Debug|Any CPU
		{29841A71-F115-4B6D-8375-182391613344}.Release|Any CPU.ActiveCfg = Release|Any CPU
		{29841A71-F115-4B6D-8375-182391613344}.Release|Any CPU.Build.0 = Release|Any CPU
		{756202F4-665A-41EA-A3A8-04088174A369}.Debug|Any CPU.ActiveCfg = Debug|Any CPU
		{756202F4-665A-41EA-A3A8-04088174A369}.Debug|Any CPU.Build.0 = Debug|Any CPU
		{756202F4-665A-41EA-A3A8-04088174A369}.Release|Any CPU.ActiveCfg = Release|Any CPU
		{756202F4-665A-41EA-A3A8-04088174A369}.Release|Any CPU.Build.0 = Release|Any CPU
		{4DD57500-D7B1-4784-8D46-F0EC79A4FF2B}.Debug|Any CPU.ActiveCfg = Debug|Any CPU
		{4DD57500-D7B1-4784-8D46-F0EC79A4FF2B}.Debug|Any CPU.Build.0 = Debug|Any CPU
		{4DD57500-D7B1-4784-8D46-F0EC79A4FF2B}.Release|Any CPU.ActiveCfg = Release|Any CPU
		{4DD57500-D7B1-4784-8D46-F0EC79A4FF2B}.Release|Any CPU.Build.0 = Release|Any CPU
		{319D30B2-2272-49DA-8763-FA97BEBBA521}.Debug|Any CPU.ActiveCfg = Debug|Any CPU
		{319D30B2-2272-49DA-8763-FA97BEBBA521}.Debug|Any CPU.Build.0 = Debug|Any CPU
		{319D30B2-2272-49DA-8763-FA97BEBBA521}.Release|Any CPU.ActiveCfg = Release|Any CPU
		{319D30B2-2272-49DA-8763-FA97BEBBA521}.Release|Any CPU.Build.0 = Release|Any CPU
	EndGlobalSection
	GlobalSection(SolutionProperties) = preSolution
		HideSolutionNode = FALSE
	EndGlobalSection
	GlobalSection(NestedProjects) = preSolution
		{D06B579B-4270-40D4-AE72-481828C5C9DC} = {A6B4F3FA-686E-44FC-B765-E35A7010999D}
		{04F1F976-3A5A-42C0-8B48-FEAA66138BB4} = {D06B579B-4270-40D4-AE72-481828C5C9DC}
		{D6851572-558A-483B-90F6-8DA9AF03408B} = {A6B4F3FA-686E-44FC-B765-E35A7010999D}
		{965020F0-3479-43AB-8EA7-79558A2CB2E1} = {D06B579B-4270-40D4-AE72-481828C5C9DC}
		{AD5A1129-A66A-4F0E-9AAA-F814C6BED942} = {A6B4F3FA-686E-44FC-B765-E35A7010999D}
		{33F4B0B6-6D91-45DC-8B2D-B1FD11DE7DCA} = {A6B4F3FA-686E-44FC-B765-E35A7010999D}
		{8BEDB266-9DCA-4BE6-B3C3-152095E71D69} = {A6B4F3FA-686E-44FC-B765-E35A7010999D}
		{88DAF0AA-BB2D-4F90-8208-211BF124E7DE} = {D06B579B-4270-40D4-AE72-481828C5C9DC}
		{50F61303-1A38-4AF2-A673-22FF4FB73B33} = {33F4B0B6-6D91-45DC-8B2D-B1FD11DE7DCA}
		{8A590ED2-2A8C-42BB-93E3-EE28813EEA2B} = {A6B4F3FA-686E-44FC-B765-E35A7010999D}
		{EC4BAE8F-750B-4E20-A824-47B6507C9BFF} = {8A590ED2-2A8C-42BB-93E3-EE28813EEA2B}
		{F149FEF1-AF31-46CB-B551-C4E2AD96BFBA} = {D06B579B-4270-40D4-AE72-481828C5C9DC}
		{266C0DD6-427D-4459-8968-9056EEDBD9A4} = {C164003E-7726-498D-B9D7-43152CED975B}
		{A844E5DA-8867-4F91-A179-DAFB5B506389} = {C164003E-7726-498D-B9D7-43152CED975B}
		{8B2CFD46-4957-46CD-A059-9BF174682DD0} = {266C0DD6-427D-4459-8968-9056EEDBD9A4}
		{CFF39F08-1724-4C2C-A1F4-B96544D3A18F} = {266C0DD6-427D-4459-8968-9056EEDBD9A4}
		{39C10E4F-19C1-48FD-83E1-579691893695} = {A844E5DA-8867-4F91-A179-DAFB5B506389}
		{6A698459-4191-47BD-915F-03B5BFEB3BA9} = {A844E5DA-8867-4F91-A179-DAFB5B506389}
		{7A11525B-4500-434B-828A-1BFFF2F3B599} = {266C0DD6-427D-4459-8968-9056EEDBD9A4}
		{29841A71-F115-4B6D-8375-182391613344} = {7A11525B-4500-434B-828A-1BFFF2F3B599}
		{756202F4-665A-41EA-A3A8-04088174A369} = {7A11525B-4500-434B-828A-1BFFF2F3B599}
		{4DD57500-D7B1-4784-8D46-F0EC79A4FF2B} = {7A11525B-4500-434B-828A-1BFFF2F3B599}
		{319D30B2-2272-49DA-8763-FA97BEBBA521} = {266C0DD6-427D-4459-8968-9056EEDBD9A4}
	EndGlobalSection
	GlobalSection(ExtensibilityGlobals) = postSolution
		SolutionGuid = {67C6EEA4-00F5-49D9-B1C1-68D845BC7AFD}
	EndGlobalSection
EndGlobal
